
Microsoft Visual Studio Solution File, Format Version 12.00
# Visual Studio Version 16
VisualStudioVersion = 16.0.32228.343
MinimumVisualStudioVersion = 10.0.40219.1
Project("{9A19103F-16F7-4668-BE54-9A1E7A4F7556}") = "ConsoleApp2", "ConsoleApp2\ConsoleApp2.csproj", "{389CE5A0-83BB-4205-8D29-BCDAA62C4D7E}"
EndProject
Project("{FAE04EC0-301F-11D3-BF4B-00C04F79EFBC}") = "TestProject1", "TestProject1\TestProject1.csproj", "{DB8F90A6-826E-4070-8D64-09DF5040270C}"
EndProject
Global
	GlobalSection(SolutionConfigurationPlatforms) = preSolution
		Debug|Any CPU = Debug|Any CPU
		Release|Any CPU = Release|Any CPU
	EndGlobalSection
	GlobalSection(ProjectConfigurationPlatforms) = postSolution
		{389CE5A0-83BB-4205-8D29-BCDAA62C4D7E}.Debug|Any CPU.ActiveCfg = Debug|Any CPU
		{389CE5A0-83BB-4205-8D29-BCDAA62C4D7E}.Debug|Any CPU.Build.0 = Debug|Any CPU
		{389CE5A0-83BB-4205-8D29-BCDAA62C4D7E}.Release|Any CPU.ActiveCfg = Release|Any CPU
		{389CE5A0-83BB-4205-8D29-BCDAA62C4D7E}.Release|Any CPU.Build.0 = Release|Any CPU
		{DB8F90A6-826E-4070-8D64-09DF5040270C}.Debug|Any CPU.ActiveCfg = Debug|Any CPU
		{DB8F90A6-826E-4070-8D64-09DF5040270C}.Debug|Any CPU.Build.0 = Debug|Any CPU
		{DB8F90A6-826E-4070-8D64-09DF5040270C}.Release|Any CPU.ActiveCfg = Release|Any CPU
		{DB8F90A6-826E-4070-8D64-09DF5040270C}.Release|Any CPU.Build.0 = Release|Any CPU
	EndGlobalSection
	GlobalSection(SolutionProperties) = preSolution
		HideSolutionNode = FALSE
	EndGlobalSection
	GlobalSection(ExtensibilityGlobals) = postSolution
		SolutionGuid = {86958E64-F5C6-4AFA-B3B8-69DE9137BF70}
	EndGlobalSection
EndGlobal
